// !$*UTF8*$!
{
	archiveVersion = 1;
	classes = {
	};
	objectVersion = 56;
	objects = {

/* Begin PBXBuildFile section */
		2E07D72129AF4A9200CB3EFD /* SendMeCodeView.swift in Sources */ = {isa = PBXBuildFile; fileRef = 2E07D72029AF4A9200CB3EFD /* SendMeCodeView.swift */; };
		2E07D72329AF525300CB3EFD /* CodeVerificationView.swift in Sources */ = {isa = PBXBuildFile; fileRef = 2E07D72229AF525300CB3EFD /* CodeVerificationView.swift */; };
		2E07D72529AF56FD00CB3EFD /* ChooseAccountTypeView.swift in Sources */ = {isa = PBXBuildFile; fileRef = 2E07D72429AF56FD00CB3EFD /* ChooseAccountTypeView.swift */; };
		2E07D72729AF5E8B00CB3EFD /* SetUpProfileVuew.swift in Sources */ = {isa = PBXBuildFile; fileRef = 2E07D72629AF5E8B00CB3EFD /* SetUpProfileVuew.swift */; };
		2E10D86029B4B12400FEC10D /* NewPasswordView.swift in Sources */ = {isa = PBXBuildFile; fileRef = 2E10D85F29B4B12400FEC10D /* NewPasswordView.swift */; };
		2E222F7D29C5AAF50016B5E6 /* LoginViewModel.swift in Sources */ = {isa = PBXBuildFile; fileRef = 2E222F7C29C5AAF50016B5E6 /* LoginViewModel.swift */; };
		2E222F8629C5E3B30016B5E6 /* iPhoneNumberField in Frameworks */ = {isa = PBXBuildFile; productRef = 2E222F8529C5E3B30016B5E6 /* iPhoneNumberField */; };
		2E2784CC29D96B75004ED35D /* FavouritesView.swift in Sources */ = {isa = PBXBuildFile; fileRef = 2E2784CB29D96B75004ED35D /* FavouritesView.swift */; };
		2E707AE229D289D700D47CB3 /* HomeView.swift in Sources */ = {isa = PBXBuildFile; fileRef = 2E707AE129D289D700D47CB3 /* HomeView.swift */; };
		2EBCF97B29AB4193003F6A1B /* OrynTapApp.swift in Sources */ = {isa = PBXBuildFile; fileRef = 2EBCF97A29AB4193003F6A1B /* OrynTapApp.swift */; };
		2EBCF97D29AB4193003F6A1B /* WelcomeView.swift in Sources */ = {isa = PBXBuildFile; fileRef = 2EBCF97C29AB4193003F6A1B /* WelcomeView.swift */; };
		2EBCF97F29AB4194003F6A1B /* Assets.xcassets in Resources */ = {isa = PBXBuildFile; fileRef = 2EBCF97E29AB4194003F6A1B /* Assets.xcassets */; };
		2EBCF98229AB4194003F6A1B /* Preview Assets.xcassets in Resources */ = {isa = PBXBuildFile; fileRef = 2EBCF98129AB4194003F6A1B /* Preview Assets.xcassets */; };
		2EBCF99629AB41CD003F6A1B /* SFProText-HeavyItalic.ttf in Resources */ = {isa = PBXBuildFile; fileRef = 2EBCF98A29AB41CC003F6A1B /* SFProText-HeavyItalic.ttf */; };
		2EBCF99729AB41CD003F6A1B /* SFProText-Semibold.ttf in Resources */ = {isa = PBXBuildFile; fileRef = 2EBCF98B29AB41CC003F6A1B /* SFProText-Semibold.ttf */; };
		2EBCF99829AB41CD003F6A1B /* SFProText-Bold.ttf in Resources */ = {isa = PBXBuildFile; fileRef = 2EBCF98C29AB41CC003F6A1B /* SFProText-Bold.ttf */; };
		2EBCF99929AB41CD003F6A1B /* SFProText-BoldItalic.ttf in Resources */ = {isa = PBXBuildFile; fileRef = 2EBCF98D29AB41CC003F6A1B /* SFProText-BoldItalic.ttf */; };
		2EBCF99A29AB41CD003F6A1B /* SFProText-RegularItalic.ttf in Resources */ = {isa = PBXBuildFile; fileRef = 2EBCF98E29AB41CC003F6A1B /* SFProText-RegularItalic.ttf */; };
		2EBCF99B29AB41CD003F6A1B /* SFProText-MediumItalic.ttf in Resources */ = {isa = PBXBuildFile; fileRef = 2EBCF98F29AB41CC003F6A1B /* SFProText-MediumItalic.ttf */; };
		2EBCF99C29AB41CD003F6A1B /* SFProText-LightItalic.ttf in Resources */ = {isa = PBXBuildFile; fileRef = 2EBCF99029AB41CC003F6A1B /* SFProText-LightItalic.ttf */; };
		2EBCF99D29AB41CD003F6A1B /* SFProText-Medium.ttf in Resources */ = {isa = PBXBuildFile; fileRef = 2EBCF99129AB41CC003F6A1B /* SFProText-Medium.ttf */; };
		2EBCF99E29AB41CD003F6A1B /* SFProText-SemiboldItalic.ttf in Resources */ = {isa = PBXBuildFile; fileRef = 2EBCF99229AB41CC003F6A1B /* SFProText-SemiboldItalic.ttf */; };
		2EBCF99F29AB41CD003F6A1B /* SFProText-Regular.ttf in Resources */ = {isa = PBXBuildFile; fileRef = 2EBCF99329AB41CD003F6A1B /* SFProText-Regular.ttf */; };
		2EBCF9A029AB41CD003F6A1B /* SFProText-Heavy.ttf in Resources */ = {isa = PBXBuildFile; fileRef = 2EBCF99429AB41CD003F6A1B /* SFProText-Heavy.ttf */; };
		2EBCF9A129AB41CD003F6A1B /* SFProText-Light.ttf in Resources */ = {isa = PBXBuildFile; fileRef = 2EBCF99529AB41CD003F6A1B /* SFProText-Light.ttf */; };
		2EBCF9A429AB5146003F6A1B /* OnboardingView.swift in Sources */ = {isa = PBXBuildFile; fileRef = 2EBCF9A329AB5146003F6A1B /* OnboardingView.swift */; };
		2EBCF9A629AB8D38003F6A1B /* LoginView.swift in Sources */ = {isa = PBXBuildFile; fileRef = 2EBCF9A529AB8D38003F6A1B /* LoginView.swift */; };
		7453C3D629DFBF2600A7B3D1 /* LoginService.swift in Sources */ = {isa = PBXBuildFile; fileRef = 7453C3D529DFBF2600A7B3D1 /* LoginService.swift */; };
		7453C3D829DFC0C300A7B3D1 /* LoginModel.swift in Sources */ = {isa = PBXBuildFile; fileRef = 7453C3D729DFC0C300A7B3D1 /* LoginModel.swift */; };
		746039A929ED48730021AE1E /* DetailsView.swift in Sources */ = {isa = PBXBuildFile; fileRef = 746039A829ED48730021AE1E /* DetailsView.swift */; };
		746039AB29ED6A800021AE1E /* VenueRegistrationView.swift in Sources */ = {isa = PBXBuildFile; fileRef = 746039AA29ED6A800021AE1E /* VenueRegistrationView.swift */; };
		74618C2D29EBF34F00A9684B /* TabBarView.swift in Sources */ = {isa = PBXBuildFile; fileRef = 74618C2C29EBF34F00A9684B /* TabBarView.swift */; };
		74618C2F29EBF3DA00A9684B /* RequestsView.swift in Sources */ = {isa = PBXBuildFile; fileRef = 74618C2E29EBF3DA00A9684B /* RequestsView.swift */; };
		74618C3129EBF3E500A9684B /* ProfileView.swift in Sources */ = {isa = PBXBuildFile; fileRef = 74618C3029EBF3E500A9684B /* ProfileView.swift */; };
/* End PBXBuildFile section */

/* Begin PBXFileReference section */
		2E07D72029AF4A9200CB3EFD /* SendMeCodeView.swift */ = {isa = PBXFileReference; lastKnownFileType = sourcecode.swift; path = SendMeCodeView.swift; sourceTree = "<group>"; };
		2E07D72229AF525300CB3EFD /* CodeVerificationView.swift */ = {isa = PBXFileReference; lastKnownFileType = sourcecode.swift; path = CodeVerificationView.swift; sourceTree = "<group>"; };
		2E07D72429AF56FD00CB3EFD /* ChooseAccountTypeView.swift */ = {isa = PBXFileReference; lastKnownFileType = sourcecode.swift; path = ChooseAccountTypeView.swift; sourceTree = "<group>"; };
		2E07D72629AF5E8B00CB3EFD /* SetUpProfileVuew.swift */ = {isa = PBXFileReference; lastKnownFileType = sourcecode.swift; path = SetUpProfileVuew.swift; sourceTree = "<group>"; };
		2E10D85F29B4B12400FEC10D /* NewPasswordView.swift */ = {isa = PBXFileReference; lastKnownFileType = sourcecode.swift; path = NewPasswordView.swift; sourceTree = "<group>"; };
		2E222F7C29C5AAF50016B5E6 /* LoginViewModel.swift */ = {isa = PBXFileReference; lastKnownFileType = sourcecode.swift; path = LoginViewModel.swift; sourceTree = "<group>"; };
		2E2784CB29D96B75004ED35D /* FavouritesView.swift */ = {isa = PBXFileReference; lastKnownFileType = sourcecode.swift; path = FavouritesView.swift; sourceTree = "<group>"; };
		2E707AE129D289D700D47CB3 /* HomeView.swift */ = {isa = PBXFileReference; lastKnownFileType = sourcecode.swift; path = HomeView.swift; sourceTree = "<group>"; };
		2EBCF97729AB4193003F6A1B /* OrynTap.app */ = {isa = PBXFileReference; explicitFileType = wrapper.application; includeInIndex = 0; path = OrynTap.app; sourceTree = BUILT_PRODUCTS_DIR; };
		2EBCF97A29AB4193003F6A1B /* OrynTapApp.swift */ = {isa = PBXFileReference; lastKnownFileType = sourcecode.swift; path = OrynTapApp.swift; sourceTree = "<group>"; };
		2EBCF97C29AB4193003F6A1B /* WelcomeView.swift */ = {isa = PBXFileReference; lastKnownFileType = sourcecode.swift; path = WelcomeView.swift; sourceTree = "<group>"; };
		2EBCF97E29AB4194003F6A1B /* Assets.xcassets */ = {isa = PBXFileReference; lastKnownFileType = folder.assetcatalog; path = Assets.xcassets; sourceTree = "<group>"; };
		2EBCF98129AB4194003F6A1B /* Preview Assets.xcassets */ = {isa = PBXFileReference; lastKnownFileType = folder.assetcatalog; path = "Preview Assets.xcassets"; sourceTree = "<group>"; };
		2EBCF98A29AB41CC003F6A1B /* SFProText-HeavyItalic.ttf */ = {isa = PBXFileReference; lastKnownFileType = file; path = "SFProText-HeavyItalic.ttf"; sourceTree = "<group>"; };
		2EBCF98B29AB41CC003F6A1B /* SFProText-Semibold.ttf */ = {isa = PBXFileReference; lastKnownFileType = file; path = "SFProText-Semibold.ttf"; sourceTree = "<group>"; };
		2EBCF98C29AB41CC003F6A1B /* SFProText-Bold.ttf */ = {isa = PBXFileReference; lastKnownFileType = file; path = "SFProText-Bold.ttf"; sourceTree = "<group>"; };
		2EBCF98D29AB41CC003F6A1B /* SFProText-BoldItalic.ttf */ = {isa = PBXFileReference; lastKnownFileType = file; path = "SFProText-BoldItalic.ttf"; sourceTree = "<group>"; };
		2EBCF98E29AB41CC003F6A1B /* SFProText-RegularItalic.ttf */ = {isa = PBXFileReference; lastKnownFileType = file; path = "SFProText-RegularItalic.ttf"; sourceTree = "<group>"; };
		2EBCF98F29AB41CC003F6A1B /* SFProText-MediumItalic.ttf */ = {isa = PBXFileReference; lastKnownFileType = file; path = "SFProText-MediumItalic.ttf"; sourceTree = "<group>"; };
		2EBCF99029AB41CC003F6A1B /* SFProText-LightItalic.ttf */ = {isa = PBXFileReference; lastKnownFileType = file; path = "SFProText-LightItalic.ttf"; sourceTree = "<group>"; };
		2EBCF99129AB41CC003F6A1B /* SFProText-Medium.ttf */ = {isa = PBXFileReference; lastKnownFileType = file; path = "SFProText-Medium.ttf"; sourceTree = "<group>"; };
		2EBCF99229AB41CC003F6A1B /* SFProText-SemiboldItalic.ttf */ = {isa = PBXFileReference; lastKnownFileType = file; path = "SFProText-SemiboldItalic.ttf"; sourceTree = "<group>"; };
		2EBCF99329AB41CD003F6A1B /* SFProText-Regular.ttf */ = {isa = PBXFileReference; lastKnownFileType = file; path = "SFProText-Regular.ttf"; sourceTree = "<group>"; };
		2EBCF99429AB41CD003F6A1B /* SFProText-Heavy.ttf */ = {isa = PBXFileReference; lastKnownFileType = file; path = "SFProText-Heavy.ttf"; sourceTree = "<group>"; };
		2EBCF99529AB41CD003F6A1B /* SFProText-Light.ttf */ = {isa = PBXFileReference; lastKnownFileType = file; path = "SFProText-Light.ttf"; sourceTree = "<group>"; };
		2EBCF9A229AB4250003F6A1B /* Info.plist */ = {isa = PBXFileReference; lastKnownFileType = text.plist; path = Info.plist; sourceTree = "<group>"; };
		2EBCF9A329AB5146003F6A1B /* OnboardingView.swift */ = {isa = PBXFileReference; lastKnownFileType = sourcecode.swift; path = OnboardingView.swift; sourceTree = "<group>"; };
		2EBCF9A529AB8D38003F6A1B /* LoginView.swift */ = {isa = PBXFileReference; lastKnownFileType = sourcecode.swift; path = LoginView.swift; sourceTree = "<group>"; };
		7453C3D529DFBF2600A7B3D1 /* LoginService.swift */ = {isa = PBXFileReference; lastKnownFileType = sourcecode.swift; path = LoginService.swift; sourceTree = "<group>"; };
		7453C3D729DFC0C300A7B3D1 /* LoginModel.swift */ = {isa = PBXFileReference; lastKnownFileType = sourcecode.swift; path = LoginModel.swift; sourceTree = "<group>"; };
		746039A829ED48730021AE1E /* DetailsView.swift */ = {isa = PBXFileReference; lastKnownFileType = sourcecode.swift; path = DetailsView.swift; sourceTree = "<group>"; };
		746039AA29ED6A800021AE1E /* VenueRegistrationView.swift */ = {isa = PBXFileReference; fileEncoding = 4; lastKnownFileType = sourcecode.swift; name = VenueRegistrationView.swift; path = ../../../../Downloads/VenueRegistrationView.swift; sourceTree = "<group>"; };
		74618C2C29EBF34F00A9684B /* TabBarView.swift */ = {isa = PBXFileReference; fileEncoding = 4; lastKnownFileType = sourcecode.swift; name = TabBarView.swift; path = ../../../../../Desktop/TabBarView.swift; sourceTree = "<group>"; };
		74618C2E29EBF3DA00A9684B /* RequestsView.swift */ = {isa = PBXFileReference; lastKnownFileType = sourcecode.swift; path = RequestsView.swift; sourceTree = "<group>"; };
		74618C3029EBF3E500A9684B /* ProfileView.swift */ = {isa = PBXFileReference; lastKnownFileType = sourcecode.swift; path = ProfileView.swift; sourceTree = "<group>"; };
/* End PBXFileReference section */

/* Begin PBXFrameworksBuildPhase section */
		2EBCF97429AB4193003F6A1B /* Frameworks */ = {
			isa = PBXFrameworksBuildPhase;
			buildActionMask = 2147483647;
			files = (
				2E222F8629C5E3B30016B5E6 /* iPhoneNumberField in Frameworks */,
			);
			runOnlyForDeploymentPostprocessing = 0;
		};
/* End PBXFrameworksBuildPhase section */

/* Begin PBXGroup section */
		2E10D85929B4AA6600FEC10D /* Login */ = {
			isa = PBXGroup;
			children = (
				74182E1129DE6B7D001FF682 /* Models */,
				74182E0E29DE612D001FF682 /* Services */,
				2E222F7B29C5AACD0016B5E6 /* ViewModel */,
				2E10D85C29B4AB1500FEC10D /* View */,
			);
			path = Login;
			sourceTree = "<group>";
		};
		2E10D85A29B4AA6D00FEC10D /* Registration */ = {
			isa = PBXGroup;
			children = (
				746039AA29ED6A800021AE1E /* VenueRegistrationView.swift */,
				2E10D85B29B4AAF500FEC10D /* View */,
			);
			path = Registration;
			sourceTree = "<group>";
		};
		2E10D85B29B4AAF500FEC10D /* View */ = {
			isa = PBXGroup;
			children = (
				2E07D72429AF56FD00CB3EFD /* ChooseAccountTypeView.swift */,
				2E07D72629AF5E8B00CB3EFD /* SetUpProfileVuew.swift */,
			);
			path = View;
			sourceTree = "<group>";
		};
		2E10D85C29B4AB1500FEC10D /* View */ = {
			isa = PBXGroup;
			children = (
				2EBCF9A529AB8D38003F6A1B /* LoginView.swift */,
			);
			path = View;
			sourceTree = "<group>";
		};
		2E10D85D29B4AB3A00FEC10D /* WelcomeView */ = {
			isa = PBXGroup;
			children = (
				2EBCF97C29AB4193003F6A1B /* WelcomeView.swift */,
				2EBCF9A329AB5146003F6A1B /* OnboardingView.swift */,
			);
			path = WelcomeView;
			sourceTree = "<group>";
		};
		2E10D85E29B4AE3F00FEC10D /* CommonUI */ = {
			isa = PBXGroup;
			children = (
				2E10D85F29B4B12400FEC10D /* NewPasswordView.swift */,
				2E07D72029AF4A9200CB3EFD /* SendMeCodeView.swift */,
				2E07D72229AF525300CB3EFD /* CodeVerificationView.swift */,
			);
			path = CommonUI;
			sourceTree = "<group>";
		};
		2E222F7B29C5AACD0016B5E6 /* ViewModel */ = {
			isa = PBXGroup;
			children = (
				2E222F7C29C5AAF50016B5E6 /* LoginViewModel.swift */,
			);
			path = ViewModel;
			sourceTree = "<group>";
		};
		2E28311929D1EAA3009C23EC /* MainPage */ = {
			isa = PBXGroup;
			children = (
				2E707ADE29D2883900D47CB3 /* View */,
			);
			path = MainPage;
			sourceTree = "<group>";
		};
		2E707ADE29D2883900D47CB3 /* View */ = {
			isa = PBXGroup;
			children = (
				74618C2C29EBF34F00A9684B /* TabBarView.swift */,
				2E707AE129D289D700D47CB3 /* HomeView.swift */,
				2E2784CB29D96B75004ED35D /* FavouritesView.swift */,
				74618C2E29EBF3DA00A9684B /* RequestsView.swift */,
				74618C3029EBF3E500A9684B /* ProfileView.swift */,
				746039A829ED48730021AE1E /* DetailsView.swift */,
			);
			path = View;
			sourceTree = "<group>";
		};
		2EBCF96E29AB4193003F6A1B = {
			isa = PBXGroup;
			children = (
				2EBCF97929AB4193003F6A1B /* OrynTap */,
				2EBCF97829AB4193003F6A1B /* Products */,
			);
			sourceTree = "<group>";
		};
		2EBCF97829AB4193003F6A1B /* Products */ = {
			isa = PBXGroup;
			children = (
				2EBCF97729AB4193003F6A1B /* OrynTap.app */,
			);
			name = Products;
			sourceTree = "<group>";
		};
		2EBCF97929AB4193003F6A1B /* OrynTap */ = {
			isa = PBXGroup;
			children = (
				2EBCF97A29AB4193003F6A1B /* OrynTapApp.swift */,
				2EBCF98029AB4194003F6A1B /* Preview Content */,
				2EBCF9A229AB4250003F6A1B /* Info.plist */,
				2EBCF98829AB419A003F6A1B /* Resources */,
				2E10D85D29B4AB3A00FEC10D /* WelcomeView */,
				2E10D85E29B4AE3F00FEC10D /* CommonUI */,
				2E10D85929B4AA6600FEC10D /* Login */,
				2E10D85A29B4AA6D00FEC10D /* Registration */,
				2E28311929D1EAA3009C23EC /* MainPage */,
			);
			path = OrynTap;
			sourceTree = "<group>";
		};
		2EBCF98029AB4194003F6A1B /* Preview Content */ = {
			isa = PBXGroup;
			children = (
				2EBCF98129AB4194003F6A1B /* Preview Assets.xcassets */,
			);
			path = "Preview Content";
			sourceTree = "<group>";
		};
		2EBCF98829AB419A003F6A1B /* Resources */ = {
			isa = PBXGroup;
			children = (
				2EBCF98929AB41A9003F6A1B /* Fonts */,
				2EBCF97E29AB4194003F6A1B /* Assets.xcassets */,
			);
			path = Resources;
			sourceTree = "<group>";
		};
		2EBCF98929AB41A9003F6A1B /* Fonts */ = {
			isa = PBXGroup;
			children = (
				2EBCF98C29AB41CC003F6A1B /* SFProText-Bold.ttf */,
				2EBCF98D29AB41CC003F6A1B /* SFProText-BoldItalic.ttf */,
				2EBCF99429AB41CD003F6A1B /* SFProText-Heavy.ttf */,
				2EBCF98A29AB41CC003F6A1B /* SFProText-HeavyItalic.ttf */,
				2EBCF99529AB41CD003F6A1B /* SFProText-Light.ttf */,
				2EBCF99029AB41CC003F6A1B /* SFProText-LightItalic.ttf */,
				2EBCF99129AB41CC003F6A1B /* SFProText-Medium.ttf */,
				2EBCF98F29AB41CC003F6A1B /* SFProText-MediumItalic.ttf */,
				2EBCF99329AB41CD003F6A1B /* SFProText-Regular.ttf */,
				2EBCF98E29AB41CC003F6A1B /* SFProText-RegularItalic.ttf */,
				2EBCF98B29AB41CC003F6A1B /* SFProText-Semibold.ttf */,
				2EBCF99229AB41CC003F6A1B /* SFProText-SemiboldItalic.ttf */,
			);
			path = Fonts;
			sourceTree = "<group>";
		};
		74182E0E29DE612D001FF682 /* Services */ = {
			isa = PBXGroup;
			children = (
				7453C3D529DFBF2600A7B3D1 /* LoginService.swift */,
			);
			path = Services;
			sourceTree = "<group>";
		};
		74182E1129DE6B7D001FF682 /* Models */ = {
			isa = PBXGroup;
			children = (
				7453C3D729DFC0C300A7B3D1 /* LoginModel.swift */,
			);
			path = Models;
			sourceTree = "<group>";
		};
/* End PBXGroup section */

/* Begin PBXNativeTarget section */
		2EBCF97629AB4193003F6A1B /* OrynTap */ = {
			isa = PBXNativeTarget;
			buildConfigurationList = 2EBCF98529AB4194003F6A1B /* Build configuration list for PBXNativeTarget "OrynTap" */;
			buildPhases = (
				2EBCF97329AB4193003F6A1B /* Sources */,
				2EBCF97429AB4193003F6A1B /* Frameworks */,
				2EBCF97529AB4193003F6A1B /* Resources */,
			);
			buildRules = (
			);
			dependencies = (
			);
			name = OrynTap;
			packageProductDependencies = (
				2E222F8529C5E3B30016B5E6 /* iPhoneNumberField */,
			);
			productName = OrynTap;
			productReference = 2EBCF97729AB4193003F6A1B /* OrynTap.app */;
			productType = "com.apple.product-type.application";
		};
/* End PBXNativeTarget section */

/* Begin PBXProject section */
		2EBCF96F29AB4193003F6A1B /* Project object */ = {
			isa = PBXProject;
			attributes = {
				BuildIndependentTargetsInParallel = 1;
				LastSwiftUpdateCheck = 1420;
				LastUpgradeCheck = 1420;
				TargetAttributes = {
					2EBCF97629AB4193003F6A1B = {
						CreatedOnToolsVersion = 14.2;
					};
				};
			};
			buildConfigurationList = 2EBCF97229AB4193003F6A1B /* Build configuration list for PBXProject "OrynTap" */;
			compatibilityVersion = "Xcode 14.0";
			developmentRegion = en;
			hasScannedForEncodings = 0;
			knownRegions = (
				en,
				Base,
			);
			mainGroup = 2EBCF96E29AB4193003F6A1B;
			packageReferences = (
				2E222F8429C5E3B30016B5E6 /* XCRemoteSwiftPackageReference "iPhoneNumberField" */,
			);
			productRefGroup = 2EBCF97829AB4193003F6A1B /* Products */;
			projectDirPath = "";
			projectRoot = "";
			targets = (
				2EBCF97629AB4193003F6A1B /* OrynTap */,
			);
		};
/* End PBXProject section */

/* Begin PBXResourcesBuildPhase section */
		2EBCF97529AB4193003F6A1B /* Resources */ = {
			isa = PBXResourcesBuildPhase;
			buildActionMask = 2147483647;
			files = (
				2EBCF98229AB4194003F6A1B /* Preview Assets.xcassets in Resources */,
				2EBCF99B29AB41CD003F6A1B /* SFProText-MediumItalic.ttf in Resources */,
				2EBCF99C29AB41CD003F6A1B /* SFProText-LightItalic.ttf in Resources */,
				2EBCF9A029AB41CD003F6A1B /* SFProText-Heavy.ttf in Resources */,
				2EBCF99929AB41CD003F6A1B /* SFProText-BoldItalic.ttf in Resources */,
				2EBCF99A29AB41CD003F6A1B /* SFProText-RegularItalic.ttf in Resources */,
				2EBCF99729AB41CD003F6A1B /* SFProText-Semibold.ttf in Resources */,
				2EBCF99829AB41CD003F6A1B /* SFProText-Bold.ttf in Resources */,
				2EBCF99F29AB41CD003F6A1B /* SFProText-Regular.ttf in Resources */,
				2EBCF99E29AB41CD003F6A1B /* SFProText-SemiboldItalic.ttf in Resources */,
				2EBCF99629AB41CD003F6A1B /* SFProText-HeavyItalic.ttf in Resources */,
				2EBCF9A129AB41CD003F6A1B /* SFProText-Light.ttf in Resources */,
				2EBCF97F29AB4194003F6A1B /* Assets.xcassets in Resources */,
				2EBCF99D29AB41CD003F6A1B /* SFProText-Medium.ttf in Resources */,
			);
			runOnlyForDeploymentPostprocessing = 0;
		};
/* End PBXResourcesBuildPhase section */

/* Begin PBXSourcesBuildPhase section */
		2EBCF97329AB4193003F6A1B /* Sources */ = {
			isa = PBXSourcesBuildPhase;
			buildActionMask = 2147483647;
			files = (
				2E10D86029B4B12400FEC10D /* NewPasswordView.swift in Sources */,
				2E07D72329AF525300CB3EFD /* CodeVerificationView.swift in Sources */,
				74618C2D29EBF34F00A9684B /* TabBarView.swift in Sources */,
				2EBCF9A429AB5146003F6A1B /* OnboardingView.swift in Sources */,
				2E2784CC29D96B75004ED35D /* FavouritesView.swift in Sources */,
				7453C3D829DFC0C300A7B3D1 /* LoginModel.swift in Sources */,
				2E07D72729AF5E8B00CB3EFD /* SetUpProfileVuew.swift in Sources */,
				7453C3D629DFBF2600A7B3D1 /* LoginService.swift in Sources */,
				2E07D72129AF4A9200CB3EFD /* SendMeCodeView.swift in Sources */,
				2E07D72529AF56FD00CB3EFD /* ChooseAccountTypeView.swift in Sources */,
				74618C3129EBF3E500A9684B /* ProfileView.swift in Sources */,
				746039A929ED48730021AE1E /* DetailsView.swift in Sources */,
				2EBCF97D29AB4193003F6A1B /* WelcomeView.swift in Sources */,
				2EBCF9A629AB8D38003F6A1B /* LoginView.swift in Sources */,
				2E222F7D29C5AAF50016B5E6 /* LoginViewModel.swift in Sources */,
				746039AB29ED6A800021AE1E /* VenueRegistrationView.swift in Sources */,
				2E707AE229D289D700D47CB3 /* HomeView.swift in Sources */,
				2EBCF97B29AB4193003F6A1B /* OrynTapApp.swift in Sources */,
				74618C2F29EBF3DA00A9684B /* RequestsView.swift in Sources */,
			);
			runOnlyForDeploymentPostprocessing = 0;
		};
/* End PBXSourcesBuildPhase section */

/* Begin XCBuildConfiguration section */
		2EBCF98329AB4194003F6A1B /* Debug */ = {
			isa = XCBuildConfiguration;
			buildSettings = {
				ALWAYS_SEARCH_USER_PATHS = NO;
				CLANG_ANALYZER_NONNULL = YES;
				CLANG_ANALYZER_NUMBER_OBJECT_CONVERSION = YES_AGGRESSIVE;
				CLANG_CXX_LANGUAGE_STANDARD = "gnu++20";
				CLANG_ENABLE_MODULES = YES;
				CLANG_ENABLE_OBJC_ARC = YES;
				CLANG_ENABLE_OBJC_WEAK = YES;
				CLANG_WARN_BLOCK_CAPTURE_AUTORELEASING = YES;
				CLANG_WARN_BOOL_CONVERSION = YES;
				CLANG_WARN_COMMA = YES;
				CLANG_WARN_CONSTANT_CONVERSION = YES;
				CLANG_WARN_DEPRECATED_OBJC_IMPLEMENTATIONS = YES;
				CLANG_WARN_DIRECT_OBJC_ISA_USAGE = YES_ERROR;
				CLANG_WARN_DOCUMENTATION_COMMENTS = YES;
				CLANG_WARN_EMPTY_BODY = YES;
				CLANG_WARN_ENUM_CONVERSION = YES;
				CLANG_WARN_INFINITE_RECURSION = YES;
				CLANG_WARN_INT_CONVERSION = YES;
				CLANG_WARN_NON_LITERAL_NULL_CONVERSION = YES;
				CLANG_WARN_OBJC_IMPLICIT_RETAIN_SELF = YES;
				CLANG_WARN_OBJC_LITERAL_CONVERSION = YES;
				CLANG_WARN_OBJC_ROOT_CLASS = YES_ERROR;
				CLANG_WARN_QUOTED_INCLUDE_IN_FRAMEWORK_HEADER = YES;
				CLANG_WARN_RANGE_LOOP_ANALYSIS = YES;
				CLANG_WARN_STRICT_PROTOTYPES = YES;
				CLANG_WARN_SUSPICIOUS_MOVE = YES;
				CLANG_WARN_UNGUARDED_AVAILABILITY = YES_AGGRESSIVE;
				CLANG_WARN_UNREACHABLE_CODE = YES;
				CLANG_WARN__DUPLICATE_METHOD_MATCH = YES;
				COPY_PHASE_STRIP = NO;
				DEBUG_INFORMATION_FORMAT = dwarf;
				ENABLE_STRICT_OBJC_MSGSEND = YES;
				ENABLE_TESTABILITY = YES;
				GCC_C_LANGUAGE_STANDARD = gnu11;
				GCC_DYNAMIC_NO_PIC = NO;
				GCC_NO_COMMON_BLOCKS = YES;
				GCC_OPTIMIZATION_LEVEL = 0;
				GCC_PREPROCESSOR_DEFINITIONS = (
					"DEBUG=1",
					"$(inherited)",
				);
				GCC_WARN_64_TO_32_BIT_CONVERSION = YES;
				GCC_WARN_ABOUT_RETURN_TYPE = YES_ERROR;
				GCC_WARN_UNDECLARED_SELECTOR = YES;
				GCC_WARN_UNINITIALIZED_AUTOS = YES_AGGRESSIVE;
				GCC_WARN_UNUSED_FUNCTION = YES;
				GCC_WARN_UNUSED_VARIABLE = YES;
				IPHONEOS_DEPLOYMENT_TARGET = 16.2;
				MTL_ENABLE_DEBUG_INFO = INCLUDE_SOURCE;
				MTL_FAST_MATH = YES;
				ONLY_ACTIVE_ARCH = YES;
				SDKROOT = iphoneos;
				SWIFT_ACTIVE_COMPILATION_CONDITIONS = DEBUG;
				SWIFT_OPTIMIZATION_LEVEL = "-Onone";
			};
			name = Debug;
		};
		2EBCF98429AB4194003F6A1B /* Release */ = {
			isa = XCBuildConfiguration;
			buildSettings = {
				ALWAYS_SEARCH_USER_PATHS = NO;
				CLANG_ANALYZER_NONNULL = YES;
				CLANG_ANALYZER_NUMBER_OBJECT_CONVERSION = YES_AGGRESSIVE;
				CLANG_CXX_LANGUAGE_STANDARD = "gnu++20";
				CLANG_ENABLE_MODULES = YES;
				CLANG_ENABLE_OBJC_ARC = YES;
				CLANG_ENABLE_OBJC_WEAK = YES;
				CLANG_WARN_BLOCK_CAPTURE_AUTORELEASING = YES;
				CLANG_WARN_BOOL_CONVERSION = YES;
				CLANG_WARN_COMMA = YES;
				CLANG_WARN_CONSTANT_CONVERSION = YES;
				CLANG_WARN_DEPRECATED_OBJC_IMPLEMENTATIONS = YES;
				CLANG_WARN_DIRECT_OBJC_ISA_USAGE = YES_ERROR;
				CLANG_WARN_DOCUMENTATION_COMMENTS = YES;
				CLANG_WARN_EMPTY_BODY = YES;
				CLANG_WARN_ENUM_CONVERSION = YES;
				CLANG_WARN_INFINITE_RECURSION = YES;
				CLANG_WARN_INT_CONVERSION = YES;
				CLANG_WARN_NON_LITERAL_NULL_CONVERSION = YES;
				CLANG_WARN_OBJC_IMPLICIT_RETAIN_SELF = YES;
				CLANG_WARN_OBJC_LITERAL_CONVERSION = YES;
				CLANG_WARN_OBJC_ROOT_CLASS = YES_ERROR;
				CLANG_WARN_QUOTED_INCLUDE_IN_FRAMEWORK_HEADER = YES;
				CLANG_WARN_RANGE_LOOP_ANALYSIS = YES;
				CLANG_WARN_STRICT_PROTOTYPES = YES;
				CLANG_WARN_SUSPICIOUS_MOVE = YES;
				CLANG_WARN_UNGUARDED_AVAILABILITY = YES_AGGRESSIVE;
				CLANG_WARN_UNREACHABLE_CODE = YES;
				CLANG_WARN__DUPLICATE_METHOD_MATCH = YES;
				COPY_PHASE_STRIP = NO;
				DEBUG_INFORMATION_FORMAT = "dwarf-with-dsym";
				ENABLE_NS_ASSERTIONS = NO;
				ENABLE_STRICT_OBJC_MSGSEND = YES;
				GCC_C_LANGUAGE_STANDARD = gnu11;
				GCC_NO_COMMON_BLOCKS = YES;
				GCC_WARN_64_TO_32_BIT_CONVERSION = YES;
				GCC_WARN_ABOUT_RETURN_TYPE = YES_ERROR;
				GCC_WARN_UNDECLARED_SELECTOR = YES;
				GCC_WARN_UNINITIALIZED_AUTOS = YES_AGGRESSIVE;
				GCC_WARN_UNUSED_FUNCTION = YES;
				GCC_WARN_UNUSED_VARIABLE = YES;
				IPHONEOS_DEPLOYMENT_TARGET = 16.2;
				MTL_ENABLE_DEBUG_INFO = NO;
				MTL_FAST_MATH = YES;
				SDKROOT = iphoneos;
				SWIFT_COMPILATION_MODE = wholemodule;
				SWIFT_OPTIMIZATION_LEVEL = "-O";
				VALIDATE_PRODUCT = YES;
			};
			name = Release;
		};
		2EBCF98629AB4194003F6A1B /* Debug */ = {
			isa = XCBuildConfiguration;
			buildSettings = {
				ASSETCATALOG_COMPILER_APPICON_NAME = AppIcon;
				ASSETCATALOG_COMPILER_GLOBAL_ACCENT_COLOR_NAME = AccentColor;
				CODE_SIGN_STYLE = Automatic;
				CURRENT_PROJECT_VERSION = 1;
				DEVELOPMENT_ASSET_PATHS = "\"OrynTap/Preview Content\"";
				DEVELOPMENT_TEAM = 45GSN6WVR8;
				ENABLE_PREVIEWS = YES;
				GENERATE_INFOPLIST_FILE = YES;
				INFOPLIST_FILE = OrynTap/Info.plist;
				INFOPLIST_KEY_UIApplicationSceneManifest_Generation = YES;
				INFOPLIST_KEY_UIApplicationSupportsIndirectInputEvents = YES;
				INFOPLIST_KEY_UILaunchScreen_Generation = YES;
				INFOPLIST_KEY_UISupportedInterfaceOrientations_iPad = "UIInterfaceOrientationPortrait UIInterfaceOrientationPortraitUpsideDown UIInterfaceOrientationLandscapeLeft UIInterfaceOrientationLandscapeRight";
				INFOPLIST_KEY_UISupportedInterfaceOrientations_iPhone = "UIInterfaceOrientationPortrait UIInterfaceOrientationLandscapeLeft UIInterfaceOrientationLandscapeRight";
				LD_RUNPATH_SEARCH_PATHS = (
					"$(inherited)",
					"@executable_path/Frameworks",
				);
				MARKETING_VERSION = 1.0;
				PRODUCT_BUNDLE_IDENTIFIER = com.zhanagul.OrynTap;
				PRODUCT_NAME = "$(TARGET_NAME)";
				SWIFT_EMIT_LOC_STRINGS = YES;
				SWIFT_VERSION = 5.0;
				TARGETED_DEVICE_FAMILY = "1,2";
			};
			name = Debug;
		};
		2EBCF98729AB4194003F6A1B /* Release */ = {
			isa = XCBuildConfiguration;
			buildSettings = {
				ASSETCATALOG_COMPILER_APPICON_NAME = AppIcon;
				ASSETCATALOG_COMPILER_GLOBAL_ACCENT_COLOR_NAME = AccentColor;
				CODE_SIGN_STYLE = Automatic;
				CURRENT_PROJECT_VERSION = 1;
				DEVELOPMENT_ASSET_PATHS = "\"OrynTap/Preview Content\"";
				DEVELOPMENT_TEAM = 45GSN6WVR8;
				ENABLE_PREVIEWS = YES;
				GENERATE_INFOPLIST_FILE = YES;
				INFOPLIST_FILE = OrynTap/Info.plist;
				INFOPLIST_KEY_UIApplicationSceneManifest_Generation = YES;
				INFOPLIST_KEY_UIApplicationSupportsIndirectInputEvents = YES;
				INFOPLIST_KEY_UILaunchScreen_Generation = YES;
				INFOPLIST_KEY_UISupportedInterfaceOrientations_iPad = "UIInterfaceOrientationPortrait UIInterfaceOrientationPortraitUpsideDown UIInterfaceOrientationLandscapeLeft UIInterfaceOrientationLandscapeRight";
				INFOPLIST_KEY_UISupportedInterfaceOrientations_iPhone = "UIInterfaceOrientationPortrait UIInterfaceOrientationLandscapeLeft UIInterfaceOrientationLandscapeRight";
				LD_RUNPATH_SEARCH_PATHS = (
					"$(inherited)",
					"@executable_path/Frameworks",
				);
				MARKETING_VERSION = 1.0;
				PRODUCT_BUNDLE_IDENTIFIER = com.zhanagul.OrynTap;
				PRODUCT_NAME = "$(TARGET_NAME)";
				SWIFT_EMIT_LOC_STRINGS = YES;
				SWIFT_VERSION = 5.0;
				TARGETED_DEVICE_FAMILY = "1,2";
			};
			name = Release;
		};
/* End XCBuildConfiguration section */

/* Begin XCConfigurationList section */
		2EBCF97229AB4193003F6A1B /* Build configuration list for PBXProject "OrynTap" */ = {
			isa = XCConfigurationList;
			buildConfigurations = (
				2EBCF98329AB4194003F6A1B /* Debug */,
				2EBCF98429AB4194003F6A1B /* Release */,
			);
			defaultConfigurationIsVisible = 0;
			defaultConfigurationName = Release;
		};
		2EBCF98529AB4194003F6A1B /* Build configuration list for PBXNativeTarget "OrynTap" */ = {
			isa = XCConfigurationList;
			buildConfigurations = (
				2EBCF98629AB4194003F6A1B /* Debug */,
				2EBCF98729AB4194003F6A1B /* Release */,
			);
			defaultConfigurationIsVisible = 0;
			defaultConfigurationName = Release;
		};
/* End XCConfigurationList section */

/* Begin XCRemoteSwiftPackageReference section */
		2E222F8429C5E3B30016B5E6 /* XCRemoteSwiftPackageReference "iPhoneNumberField" */ = {
			isa = XCRemoteSwiftPackageReference;
			repositoryURL = "https://github.com/MojtabaHs/iPhoneNumberField.git";
			requirement = {
				kind = upToNextMajorVersion;
				minimumVersion = 0.9.0;
			};
		};
/* End XCRemoteSwiftPackageReference section */

/* Begin XCSwiftPackageProductDependency section */
		2E222F8529C5E3B30016B5E6 /* iPhoneNumberField */ = {
			isa = XCSwiftPackageProductDependency;
			package = 2E222F8429C5E3B30016B5E6 /* XCRemoteSwiftPackageReference "iPhoneNumberField" */;
			productName = iPhoneNumberField;
		};
/* End XCSwiftPackageProductDependency section */
	};
	rootObject = 2EBCF96F29AB4193003F6A1B /* Project object */;
}
